# This file is autogenerated, do not edit; changes may be undone by the next 'dep ensure'.


[[projects]]
  branch = "master"
  digest = "1:6da51e5ec493ad2b44cb04129e2d0a068c8fb9bd6cb5739d199573558696bb94"
  name = "github.com/Azure/go-ansiterm"
  packages = [
    ".",
    "winterm",
  ]
  pruneopts = "UT"
  revision = "d6e3b3328b783f23731bc4d058875b0371ff8109"

[[projects]]
  branch = "master"
  digest = "1:79b85f72444a751ab052e3d381f4a7db34b8ce9220c6223f839452e3fd8ac9cb"
  name = "github.com/BenLubar/memoize"
  packages = ["."]
  pruneopts = "UT"
  revision = "6fdb23a94b2412102e3e791f13122f440a2b8cd5"

[[projects]]
  branch = "master"
  digest = "1:99010387da8d15937ae7f6159c54fe4323a6c2c4690c4a7a6fc43c14bef9e324"
  name = "github.com/GeertJohan/go-sourcepath"
  packages = ["."]
  pruneopts = "UT"
  revision = "83e8b8723a9bf39481216e80575f4854c63ece4a"

[[projects]]
  digest = "1:bf42be3cb1519bf8018dfd99720b1005ee028d947124cab3ccf965da59381df6"
  name = "github.com/Microsoft/go-winio"
  packages = ["."]
  pruneopts = "UT"
  revision = "7da180ee92d8bd8bb8c37fc560e673e6557c392f"
  version = "v0.4.7"

[[projects]]
  branch = "master"
  digest = "1:3721a10686511b80c052323423f0de17a8c06d417dbdd3b392b1578432a33aae"
  name = "github.com/Nvveen/Gotty"
  packages = ["."]
  pruneopts = "UT"
  revision = "cd527374f1e5bff4938207604a14f2e38a9cf512"

[[projects]]
  digest = "1:f033a81755b461d605dd88a4eaaf35542db9b425ee504ef44cef810ff2b0f9d2"
  name = "github.com/Unknwon/com"
  packages = ["."]
  pruneopts = "UT"
  revision = "28b053d5a2923b87ce8c5a08f3af779894a72758"
  version = "v1"

[[projects]]
  branch = "master"
  digest = "1:1237f2e0fe3256bbce813cc1bafddaf26b85bddbd2f8c08c30eb845140198aee"
  name = "github.com/armon/consul-api"
  packages = ["."]
  pruneopts = "UT"
  revision = "eb2c6b5be1b66bab83016e0b05f01b8d5496ffbd"

[[projects]]
  digest = "1:8af39a0120d846252ef419fcc47aba4677aeb3fefeda6565abc9f76155d3416f"
  name = "github.com/aws/aws-sdk-go"
  packages = [
    "aws",
    "aws/awserr",
    "aws/awsutil",
    "aws/client",
    "aws/client/metadata",
    "aws/corehandlers",
    "aws/credentials",
    "aws/credentials/ec2rolecreds",
    "aws/credentials/endpointcreds",
    "aws/credentials/stscreds",
    "aws/csm",
    "aws/defaults",
    "aws/ec2metadata",
    "aws/endpoints",
    "aws/request",
    "aws/session",
    "aws/signer/v4",
    "internal/sdkio",
    "internal/sdkrand",
    "internal/shareddefaults",
    "private/protocol",
    "private/protocol/eventstream",
    "private/protocol/eventstream/eventstreamapi",
    "private/protocol/query",
    "private/protocol/query/queryutil",
    "private/protocol/rest",
    "private/protocol/restxml",
    "private/protocol/xml/xmlutil",
    "service/s3",
    "service/s3/s3iface",
    "service/s3/s3manager",
    "service/sqs",
    "service/sts",
  ]
  pruneopts = "UT"
  revision = "e79e9fd4ec11ccc242a472f980be78830f9eba80"
  version = "v1.14.13"

[[projects]]
  branch = "master"
  digest = "1:6795e26123f9d723de821958327f6650baa5d9a61d12b8a4c98d1039d20de79d"
  name = "github.com/carlescere/scheduler"
  packages = ["."]
  pruneopts = "UT"
  revision = "ee74d2f83d82cd1d2e92ed3ec3dbaf162ca5ece5"

[[projects]]
  digest = "1:2209584c0f7c9b68c23374e659357ab546e1b70eec2761f03280f69a8fd23d77"
  name = "github.com/cenkalti/backoff"
  packages = ["."]
  pruneopts = "UT"
  revision = "2ea60e5f094469f9e65adb9cd103795b73ae743e"
  version = "v2.0.0"

[[projects]]
  branch = "master"
  digest = "1:d8cd4f14785b5ae65100524a29ebba8b9dfc5401020fe7504f80b438bb8e8e0d"
  name = "github.com/cheggaaa/pb"
  packages = ["."]
  pruneopts = "UT"
  revision = "2af8bbdea9e99e83b3ac400d8f6b6d1b8cbbf338"

[[projects]]
  branch = "master"
  digest = "1:fc8dbcc2a5de7c093e167828ebbdf551641761d2ad75431d3a167d467a264115"
  name = "github.com/containerd/continuity"
  packages = ["pathdriver"]
  pruneopts = "UT"
  revision = "246e49050efdf45e8f17fbbcf1547ee376f9939e"

[[projects]]
  digest = "1:ddce1b6fa958cb002f3a5c09da9d762b4415d331f7bada1346f7843cfa66064b"
  name = "github.com/coreos/etcd"
  packages = [
    "client",
    "pkg/pathutil",
    "pkg/srv",
    "pkg/types",
    "version",
  ]
  pruneopts = "UT"
  revision = "33245c6b5b49130ca99280408fadfab01aac0e48"
  version = "v3.3.8"

[[projects]]
  digest = "1:0ef770954bca104ee99b3b6b7f9b240605ac03517d9f98cbc1893daa03f3c038"
  name = "github.com/coreos/go-semver"
  packages = ["semver"]
  pruneopts = "UT"
  revision = "8ab6407b697782a06568d4b7f1db25550ec2e4c6"
  version = "v0.2.0"

[[projects]]
  digest = "1:5155f7153c694dc8e2efd74d799a27fd54e65778fa3f0c3e17626df724857db9"
  name = "github.com/coreos/go-systemd"
  packages = ["activation"]
  pruneopts = "UT"
  revision = "39ca1b05acc7ad1220e09f133283b8859a8b71ab"
  version = "v17"

[[projects]]
  digest = "1:a2c1d0e43bd3baaa071d1b9ed72c27d78169b2b269f71c105ac4ba34b1be4a39"
  name = "github.com/davecgh/go-spew"
  packages = ["spew"]
  pruneopts = "UT"
  revision = "346938d642f2ec3594ed81d874461961cd0faa76"
  version = "v1.1.0"

[[projects]]
  branch = "master"
  digest = "1:4189ee6a3844f555124d9d2656fe7af02fca961c2a9bad9074789df13a0c62e0"
  name = "github.com/docker/distribution"
  packages = [
    "digestset",
    "reference",
  ]
  pruneopts = "UT"
  revision = "749f6afb4572201e3c37325d0ffedb6f32be8950"

[[projects]]
  branch = "master"
  digest = "1:9623a932a359618f4d47002a7681c27f9eacc62a917f7badd9bce6a00784a456"
  name = "github.com/docker/docker"
  packages = [
    "api",
    "api/types",
    "api/types/blkiodev",
    "api/types/container",
    "api/types/events",
    "api/types/filters",
    "api/types/image",
    "api/types/mount",
    "api/types/network",
    "api/types/registry",
    "api/types/strslice",
    "api/types/swarm",
    "api/types/swarm/runtime",
    "api/types/time",
    "api/types/versions",
    "api/types/volume",
    "client",
    "pkg/archive",
    "pkg/fileutils",
    "pkg/idtools",
    "pkg/ioutils",
    "pkg/jsonmessage",
    "pkg/longpath",
    "pkg/mount",
    "pkg/pools",
    "pkg/progress",
    "pkg/signal",
    "pkg/stdcopy",
    "pkg/streamformatter",
    "pkg/system",
    "pkg/term",
    "pkg/term/windows",
  ]
  pruneopts = "UT"
  revision = "8e610b2b55bfd1bfa9436ab110d311f5e8a74dcb"

[[projects]]
  branch = "master"
  digest = "1:811c86996b1ca46729bad2724d4499014c4b9effd05ef8c71b852aad90deb0ce"
  name = "github.com/docker/go-connections"
  packages = [
    "nat",
    "sockets",
    "tlsconfig",
  ]
  pruneopts = "UT"
  revision = "7395e3f8aa162843a74ed6d48e79627d9792ac55"

[[projects]]
  branch = "master"
  digest = "1:23f2e26bf3157d9d8533f0593119fbf33fc0bc40d1373f3732ec3c4d84b6cdeb"
  name = "github.com/docker/go-plugins-helpers"
  packages = [
    "sdk",
    "volume",
  ]
  pruneopts = "UT"
  revision = "61cb8e2334204460162c8bd2417cd43cb71da66f"

[[projects]]
  digest = "1:6f82cacd0af5921e99bf3f46748705239b36489464f4529a1589bc895764fb18"
  name = "github.com/docker/go-units"
  packages = ["."]
  pruneopts = "UT"
  revision = "47565b4f722fb6ceae66b95f853feed578a4a51c"
  version = "v0.3.3"

[[projects]]
  branch = "master"
  digest = "1:6f9339c912bbdda81302633ad7e99a28dfa5a639c864061f1929510a9a64aa74"
  name = "github.com/dustin/go-humanize"
  packages = ["."]
  pruneopts = "UT"
  revision = "02af3965c54e8cacf948b97fef38925c4120652c"

[[projects]]
  branch = "master"
  digest = "1:9a023ac8c30a6871d3fc94c9c0b5a0639ede096c351fd6cdcd7268fe9cb95af2"
  name = "github.com/facebookgo/stack"
  packages = ["."]
  pruneopts = "UT"
  revision = "751773369052141c013c6e827a71e8f35c07879c"

[[projects]]
  digest = "1:865079840386857c809b72ce300be7580cb50d3d3129ce11bf9aa6ca2bc1934a"
  name = "github.com/fatih/color"
  packages = ["."]
  pruneopts = "UT"
  revision = "5b77d2a35fb0ede96d138fc9a99f5c9b6aef11b4"
  version = "v1.7.0"

[[projects]]
  digest = "1:ca82a3b99694824c627573c2a76d0e49719b4a9c02d1d85a2ac91f1c1f52ab9b"
  name = "github.com/fatih/structs"
  packages = ["."]
  pruneopts = "UT"
  revision = "a720dfa8df582c51dee1b36feabb906bde1588bd"
  version = "v1.0"

[[projects]]
  digest = "1:abeb38ade3f32a92943e5be54f55ed6d6e3b6602761d74b4aab4c9dd45c18abd"
  name = "github.com/fsnotify/fsnotify"
  packages = ["."]
  pruneopts = "UT"
  revision = "c2828203cd70a50dcccfb2761f8b1f8ceef9a8e9"
  version = "v1.4.7"

[[projects]]
  digest = "1:fb46255681497314debedde38b64be32a75bae50bad107586c22f1662bf2d352"
  name = "github.com/go-ini/ini"
  packages = ["."]
  pruneopts = "UT"
  revision = "06f5f3d67269ccec1fe5fe4134ba6e982984f7f5"
  version = "v1.37.0"

[[projects]]
  digest = "1:9a688317f3231e0175b3429033f44411906c0ce119361b7b5019d01375f8cff7"
  name = "github.com/gogo/protobuf"
  packages = ["proto"]
  pruneopts = "UT"
  revision = "1adfc126b41513cc696b209667c8656ea7aac67c"
  version = "v1.0.0"

[[projects]]
  branch = "master"
  digest = "1:a361611b8c8c75a1091f00027767f7779b29cb37c456a71b8f2604c88057ab40"
  name = "github.com/hashicorp/hcl"
  packages = [
    ".",
    "hcl/ast",
    "hcl/parser",
    "hcl/printer",
    "hcl/scanner",
    "hcl/strconv",
    "hcl/token",
    "json/parser",
    "json/scanner",
    "json/token",
  ]
  pruneopts = "UT"
  revision = "ef8a98b0bbce4a65b5aa4c368430a80ddc533168"

[[projects]]
  digest = "1:3e260afa138eab6492b531a3b3d10ab4cb70512d423faa78b8949dec76e66a21"
  name = "github.com/imdario/mergo"
  packages = ["."]
  pruneopts = "UT"
  revision = "9316a62528ac99aaecb4e47eadd6dc8aa6533d58"
  version = "v0.3.5"

[[projects]]
  digest = "1:e22af8c7518e1eab6f2eab2b7d7558927f816262586cd6ed9f349c97a6c285c4"
  name = "github.com/jmespath/go-jmespath"
  packages = ["."]
  pruneopts = "UT"
  revision = "0b12d6b5"

[[projects]]
  digest = "1:b1d4df033414c1a0d85fa7037b9aaf03746314811c860a95ea2d5fd481cd6c35"
  name = "github.com/json-iterator/go"
  packages = ["."]
  pruneopts = "UT"
  revision = "ca39e5af3ece67bbcda3d0f4f56a8e24d9f2dad4"
  version = "1.1.3"

[[projects]]
  branch = "master"
  digest = "1:7efe48dea4db6b35dcc15e15394b627247e5b3fb814242de986b746ba8e0abf0"
  name = "github.com/junegunn/go-shellwords"
  packages = ["."]
  pruneopts = "UT"
  revision = "02e3cf038dcea8290e44424da473dd12be796a8a"

[[projects]]
  digest = "1:16dd6b893b78a50564cdde1d9f7ea67224dece11bb0886bd882f1dc3dc1d440d"
  name = "github.com/k0kubun/pp"
  packages = ["."]
  pruneopts = "UT"
  revision = "027a6d1765d673d337e687394dbe780dd64e2a1e"
  version = "v2.3.0"

[[projects]]
  digest = "1:c568d7727aa262c32bdf8a3f7db83614f7af0ed661474b24588de635c20024c7"
  name = "github.com/magiconair/properties"
  packages = ["."]
  pruneopts = "UT"
  revision = "c2353362d570a7bfa228149c62842019201cfb71"
  version = "v1.8.0"

[[projects]]
  branch = "master"
  digest = "1:2da7bec9de8b02fc88298d5b7c3eec18b3d2c114e6739c550f3f99a12eec0bf4"
  name = "github.com/mailru/easyjson"
  packages = [
    ".",
    "buffer",
    "jlexer",
    "jwriter",
  ]
  pruneopts = "UT"
  revision = "3fdea8d05856a0c8df22ed4bc71b3219245e4485"

[[projects]]
  digest = "1:c658e84ad3916da105a761660dcaeb01e63416c8ec7bc62256a9b411a05fcd67"
  name = "github.com/mattn/go-colorable"
  packages = ["."]
  pruneopts = "UT"
  revision = "167de6bfdfba052fa6b2d3664c8f5272e23c9072"
  version = "v0.0.9"

[[projects]]
  digest = "1:d4d17353dbd05cb52a2a52b7fe1771883b682806f68db442b436294926bbfafb"
  name = "github.com/mattn/go-isatty"
  packages = ["."]
  pruneopts = "UT"
  revision = "0360b2af4f38e8d38c7fce2a9f4e702702d73a39"
  version = "v0.0.3"

[[projects]]
  digest = "1:e2d1d410fb367567c2b53ed9e2d719d3c1f0891397bb2fa49afd747cfbf1e8e4"
  name = "github.com/mattn/go-runewidth"
  packages = ["."]
  pruneopts = "UT"
  revision = "9e777a8366cce605130a531d2cd6363d07ad7317"
  version = "v0.0.2"

[[projects]]
  branch = "master"
  digest = "1:f602c332a24b752f20a8a56b5500724e36f7ace55c76a56e6700480830593406"
  name = "github.com/minio/minio"
  packages = [
    "pkg/cgroup",
    "pkg/sys",
  ]
  pruneopts = "UT"
  revision = "b92c3242544c00af87834233af799ff3b207451d"

[[projects]]
  branch = "master"
  digest = "1:8eb17c2ec4df79193ae65b621cd1c0c4697db3bc317fe6afdc76d7f2746abd05"
  name = "github.com/mitchellh/go-homedir"
  packages = ["."]
  pruneopts = "UT"
  revision = "3864e76763d94a6df2f9960b16a20a33da9f9a66"

[[projects]]
  branch = "master"
  digest = "1:e730597b38a4d56e2361e0b6236cb800e52c73cace2ff91396f4ff35792ddfa7"
  name = "github.com/mitchellh/mapstructure"
  packages = ["."]
  pruneopts = "UT"
  revision = "bb74f1db0675b241733089d5a1faa5dd8b0ef57b"

[[projects]]
  digest = "1:33422d238f147d247752996a26574ac48dcf472976eda7f5134015f06bf16563"
  name = "github.com/modern-go/concurrent"
  packages = ["."]
  pruneopts = "UT"
  revision = "bacd9c7ef1dd9b15be4a9909b8ac7a4e313eec94"
  version = "1.0.3"

[[projects]]
  digest = "1:d711dfcf661439f1ef0b202a02e8a1ff4deac48f26f34253520dcdbecbd7c5f1"
  name = "github.com/modern-go/reflect2"
  packages = ["."]
  pruneopts = "UT"
  revision = "1df9eeb2bb81f327b96228865c5687bc2194af3f"
  version = "1.0.0"

[[projects]]
  digest = "1:ee4d4af67d93cc7644157882329023ce9a7bcfce956a079069a9405521c7cc8d"
  name = "github.com/opencontainers/go-digest"
  packages = ["."]
  pruneopts = "UT"
  revision = "279bed98673dd5bef374d3b6e4b09e2af76183bf"
  version = "v1.0.0-rc1"

[[projects]]
  digest = "1:11db38d694c130c800d0aefb502fb02519e514dc53d9804ce51d1ad25ec27db6"
  name = "github.com/opencontainers/image-spec"
  packages = [
    "specs-go",
    "specs-go/v1",
  ]
  pruneopts = "UT"
  revision = "d60099175f88c47cd379c4738d158884749ed235"
  version = "v1.0.1"

[[projects]]
  branch = "master"
  digest = "1:6a571e40f673bf1dccd542c836d765b270be8f4ad26847ca9288d02f2df1357f"
  name = "github.com/opencontainers/runc"
  packages = [
    "libcontainer/system",
    "libcontainer/user",
  ]
  pruneopts = "UT"
  revision = "2c632d1a2de0192c3f18a2542ccb6f30a8719b1f"

[[projects]]
  digest = "1:808cdddf087fb64baeae67b8dfaee2069034d9704923a3cb8bd96a995421a625"
  name = "github.com/patrickmn/go-cache"
  packages = ["."]
  pruneopts = "UT"
  revision = "a3647f8e31d79543b2d0f0ae2fe5c379d72cedc0"
  version = "v2.1.0"

[[projects]]
  digest = "1:95741de3af260a92cc5c7f3f3061e85273f5a81b5db20d4bd68da74bd521675e"
  name = "github.com/pelletier/go-toml"
  packages = ["."]
  pruneopts = "UT"
  revision = "c01d1270ff3e442a8a57cddc1c92dc1138598194"
  version = "v1.2.0"

[[projects]]
  digest = "1:40e195917a951a8bf867cd05de2a46aaf1806c50cf92eebf4c16f78cd196f747"
  name = "github.com/pkg/errors"
  packages = ["."]
  pruneopts = "UT"
  revision = "645ef00459ed84a119197bfb8d8205042c6df63d"
  version = "v0.8.0"

[[projects]]
  digest = "1:0028cb19b2e4c3112225cd871870f2d9cf49b9b4276531f03438a88e94be86fe"
  name = "github.com/pmezard/go-difflib"
  packages = ["difflib"]
  pruneopts = "UT"
  revision = "792786c7400a136282c1664665ae0a8db921c6c2"
  version = "v1.0.0"

[[projects]]
  branch = "master"
  digest = "1:35b7d7d8921ba1a598da38fb5f9b124747c82537e0d5459f75e14098e7965f29"
  name = "github.com/rai-project/archive"
  packages = ["."]
  pruneopts = "UT"
  revision = "92575d47c146d06169b9192249da27695e280df1"

[[projects]]
  branch = "master"
  digest = "1:357d29b9d9f8a434a56e3c86d83edf643da36d144c73797441517fa1536f1ae4"
  name = "github.com/rai-project/auth"
  packages = ["."]
  pruneopts = "UT"
  revision = "6973ebe4c6d230d345daea0cd98f904273eebfd7"

[[projects]]
  branch = "master"
  digest = "1:90ae08f7360d18d4f9816abfa0a62ddea1ab7fb5052623368436daec4a28e94f"
  name = "github.com/rai-project/aws"
  packages = ["."]
  pruneopts = "UT"
  revision = "38ea1736ad4251d987210a82e7249c4f941e6e36"

[[projects]]
  branch = "master"
  digest = "1:c06e69608ae5b6c8dd823f001e9614fa9e7ab9cd829398581739a03ed3042f0c"
  name = "github.com/rai-project/broker"
  packages = [
    ".",
    "sqs",
  ]
  pruneopts = "UT"
  revision = "8cf44fd527129661e2e09cbcada05ac0a11c8a66"

[[projects]]
  branch = "master"
  digest = "1:e241919902568c300b7b33e642387538b6ebea8d87c7de68da29535e484b9ea4"
  name = "github.com/rai-project/config"
  packages = ["."]
  pruneopts = "UT"
  revision = "c84109ab2515e922a25930ea437d20d2e86d1840"

[[projects]]
  branch = "master"
  digest = "1:d20babb9cf3607fe063f28d8a2b59c420244608436a5ba3f0a330ab0ecca2ee5"
  name = "github.com/rai-project/context"
  packages = ["."]
  pruneopts = "UT"
  revision = "6e5cf90688a4b0972a2442b71a7c41f9d9279fac"

[[projects]]
  branch = "master"
  digest = "1:2f560eaa87447ad5961c40f06fa9cd65b27d5d64f7cb92ef99735e7d1216468e"
  name = "github.com/rai-project/database"
  packages = [
    ".",
    "mongodb",
  ]
  pruneopts = "UT"
  revision = "1fb72edae24039b283c1341ed855404136a30559"

[[projects]]
  branch = "master"
  digest = "1:5a96dcfc5e538b71e02857b872cbfa3f78bb02987e2713adcd3bd8f1eeef925a"
  name = "github.com/rai-project/docker"
  packages = [
    ".",
    "cuda",
  ]
  pruneopts = "UT"
  revision = "e098713e07b2ce008502edeeeac538f337adc43a"

[[projects]]
  branch = "master"
  digest = "1:8b777f48bc943321915b28e20b5ea45ac1e862843d6ae7b9bfa25ab317c0ba5a"
  name = "github.com/rai-project/godotenv"
  packages = ["."]
  pruneopts = "UT"
  revision = "a501614c3b8d510e2ae9a92ffa9477d880a48157"

[[projects]]
  branch = "master"
  digest = "1:b08cd401c72b94fea5312d3613f712c0d950d551d0906140dae545efbd300a10"
  name = "github.com/rai-project/ldcache"
  packages = ["."]
  pruneopts = "UT"
  revision = "22e037149db5f62391e7ac9ccd103dcfde3d7459"

[[projects]]
  branch = "master"
  digest = "1:539b9c1457dc2e73d53ce6ab89f5997542cfbbfe40935c0e919c2825514a26e9"
  name = "github.com/rai-project/logger"
  packages = ["."]
  pruneopts = "UT"
  revision = "87ef1d21520e8fc2ba204a431318d27a6606ca0a"

[[projects]]
  branch = "master"
  digest = "1:57b9a770861384bafdae9003e0629bba1237b3c4f1d0b91bddb9ba44fcc1f706"
  name = "github.com/rai-project/model"
  packages = ["."]
  pruneopts = "UT"
  revision = "5d9d8575908f0d80fd01ea1f3fd61a3982b4aaef"

[[projects]]
  branch = "master"
  digest = "1:7d0e468b667ee203cc6b87e08e111f9005593882d35ca472644656ffc9babe80"
  name = "github.com/rai-project/nvidia-smi"
  packages = ["."]
  pruneopts = "UT"
  revision = "484ec7354c5b4045169aa6546fc0fbfc6417a434"

[[projects]]
  branch = "master"
  digest = "1:ef0027328cf835b08371798e78b8c4552ea8b8f19fe615e1380073179b892904"
  name = "github.com/rai-project/passlib"
  packages = [
    ".",
    "abstract",
    "hash/argon2",
    "hash/argon2/raw",
    "hash/bcrypt",
    "hash/bcryptsha256",
    "hash/scrypt",
    "hash/scrypt/raw",
    "hash/sha2crypt",
    "hash/sha2crypt/raw",
  ]
  pruneopts = "UT"
  revision = "d8fc10d54a26dc0287e013edf727fe8171175d11"

[[projects]]
  branch = "master"
  digest = "1:f40bbb4fc5cf5a7eef0ae97e7ff964b0f535a02e26395090281e7bb8001dfac9"
  name = "github.com/rai-project/pubsub"
  packages = [
    ".",
    "redis",
  ]
  pruneopts = "UT"
  revision = "d049b669dc190226aaadb7383db6b6ce52fc909a"

[[projects]]
  branch = "master"
  digest = "1:430fc8c7776e4695266db6bd7c1b77fdaa2237f3283fde159e6ac9736457cdb0"
  name = "github.com/rai-project/serializer"
  packages = [
    ".",
    "bson",
    "json",
  ]
  pruneopts = "UT"
  revision = "d4f68b69a9979688d517dbbee0edf361bdca7c34"

[[projects]]
  branch = "master"
  digest = "1:373df0c0dbcda9153f0bc89191bc44f95e74f4407115d3969bc31d073a3ea997"
  name = "github.com/rai-project/store"
  packages = [
    ".",
    "s3",
  ]
  pruneopts = "UT"
  revision = "b8a650f0699c5c81fcbac47f5c6a900db4548827"

[[projects]]
  branch = "master"
  digest = "1:4c3cd7d54a7c7970d3d1abacf1a6e53a0dc2ff19bace88f48f01e659729acbdd"
  name = "github.com/rai-project/tegra"
  packages = ["."]
  pruneopts = "UT"
  revision = "e67904ef854ae00a55270b7bc2a3a2bd875ee080"

[[projects]]
  branch = "master"
  digest = "1:f47201e39346ecdb6655c1c73b45b6290a28d0b45a85ce56f332fb8f30471538"
  name = "github.com/rai-project/utils"
  packages = [
    ".",
    "promise",
  ]
  pruneopts = "UT"
  revision = "7fc9f204468c772f18442d462725c88a52a3f3ce"

[[projects]]
  branch = "master"
  digest = "1:b0d1536d702a874eeaa862f60a046369fca1f10839e024d74816fde4867fd88f"
  name = "github.com/rai-project/uuid"
  packages = ["."]
  pruneopts = "UT"
  revision = "9d1dfc0fdb4f216bcbe4349da0997301f1123e29"

[[projects]]
  branch = "master"
  digest = "1:eb62f54e1a0492bf0418b7fc1a5979b62eaf5b5533c11733bf5358c8c76babf5"
  name = "github.com/rai-project/vipertags"
  packages = ["."]
  pruneopts = "UT"
  revision = "1ba1bde0b4ed99b017e484a31738af53d0b0c81d"

[[projects]]
  digest = "1:9e9193aa51197513b3abcb108970d831fbcf40ef96aa845c4f03276e1fa316d2"
  name = "github.com/sirupsen/logrus"
  packages = ["."]
  pruneopts = "UT"
  revision = "c155da19408a8799da419ed3eeb0cb5db0ad5dbc"
  version = "v1.0.5"

[[projects]]
  digest = "1:bd1ae00087d17c5a748660b8e89e1043e1e5479d0fea743352cda2f8dd8c4f84"
  name = "github.com/spf13/afero"
  packages = [
    ".",
    "mem",
  ]
  pruneopts = "UT"
  revision = "787d034dfe70e44075ccc060d346146ef53270ad"
  version = "v1.1.1"

[[projects]]
  digest = "1:516e71bed754268937f57d4ecb190e01958452336fa73dbac880894164e91c1f"
  name = "github.com/spf13/cast"
  packages = ["."]
  pruneopts = "UT"
  revision = "8965335b8c7107321228e3e3702cab9832751bac"
  version = "v1.2.0"

[[projects]]
  branch = "master"
  digest = "1:080e5f630945ad754f4b920e60b4d3095ba0237ebf88dc462eb28002932e3805"
  name = "github.com/spf13/jwalterweatherman"
  packages = ["."]
  pruneopts = "UT"
  revision = "7c0cea34c8ece3fbeb2b27ab9b59511d360fb394"

[[projects]]
  digest = "1:9424f440bba8f7508b69414634aef3b2b3a877e522d8a4624692412805407bb7"
  name = "github.com/spf13/pflag"
  packages = ["."]
  pruneopts = "UT"
  revision = "583c0c0531f06d5278b7d917446061adc344b5cd"
  version = "v1.0.1"

[[projects]]
  branch = "master"
  digest = "1:f12b99c3555d7f414cfe02a91d432c3f92272319848c87aa5474ae349c79a481"
  name = "github.com/spf13/viper"
  packages = [
    ".",
    "remote",
  ]
  pruneopts = "UT"
  revision = "15738813a09db5c8e5b60a19d67d3f9bd38da3a4"

[[projects]]
  digest = "1:18752d0b95816a1b777505a97f71c7467a8445b8ffb55631a7bf779f6ba4fa83"
  name = "github.com/stretchr/testify"
  packages = ["assert"]
  pruneopts = "UT"
  revision = "f35b8ab0b5a2cef36673838d662e249dd9c94686"
  version = "v1.2.2"

[[projects]]
  digest = "1:03aa6e485e528acb119fb32901cf99582c380225fc7d5a02758e08b180cb56c3"
  name = "github.com/ugorji/go"
  packages = ["codec"]
  pruneopts = "UT"
  revision = "b4c50a2b199d93b13dc15e78929cfb23bfdf21ab"
  version = "v1.1.1"

[[projects]]
  branch = "master"
  digest = "1:b2faf2256a00b05784390fbd8ea4b22519ea62daf751fef4ab4ce583c66abf1b"
  name = "github.com/xordataexchange/crypt"
  packages = [
    "backend",
    "backend/consul",
    "backend/etcd",
    "config",
    "encoding/secconf",
  ]
  pruneopts = "UT"
  revision = "b2862e3d0a775f18c7cfe02273500ae307b61218"

[[projects]]
  branch = "master"
  digest = "1:6264a8dfaac012790485314d6628ddc9df844d6819832d76efae8d236aba4f1e"
  name = "golang.org/x/crypto"
  packages = [
    "argon2",
    "bcrypt",
    "blake2b",
    "blowfish",
    "cast5",
    "openpgp",
    "openpgp/armor",
    "openpgp/elgamal",
    "openpgp/errors",
    "openpgp/packet",
    "openpgp/s2k",
    "pbkdf2",
    "scrypt",
    "ssh/terminal",
  ]
  pruneopts = "UT"
  revision = "a49355c7e3f8fe157a85be2f77e6e269a0f89602"

[[projects]]
  branch = "master"
  digest = "1:58cb5fbdf85e1f468c749aa31773ff102866831106f52762b2823ae235ca11e7"
  name = "golang.org/x/net"
  packages = [
    "context",
    "context/ctxhttp",
    "internal/socks",
    "proxy",
  ]
  pruneopts = "UT"
  revision = "afe8f62b1d6bbd81f31868121a50b06d8188e1f9"

[[projects]]
  branch = "master"
  digest = "1:9f303486d623f840492bfeb48eb906a94e9d3fe638a761639b72ce64bf7bfcc3"
  name = "golang.org/x/sync"
  packages = ["syncmap"]
  pruneopts = "UT"
  revision = "1d60e4601c6fd243af51cc01ddf169918a5407ca"

[[projects]]
  branch = "master"
  digest = "1:e294d2effbbe8544d77f54f0c80fdd8062f6fc1f43077167cf56ff139f630039"
  name = "golang.org/x/sys"
  packages = [
    "cpu",
    "unix",
    "windows",
  ]
  pruneopts = "UT"
  revision = "c4afb3effaa53fd9a06ca61262dc7ce8df4c081b"

[[projects]]
  digest = "1:8029e9743749d4be5bc9f7d42ea1659471767860f0cdc34d37c3111bd308a295"
  name = "golang.org/x/text"
  packages = [
    "internal/gen",
    "internal/triegen",
    "internal/ucd",
    "transform",
    "unicode/cldr",
    "unicode/norm",
  ]
  pruneopts = "UT"
  revision = "f21a4dfb5e38f5895301dc265a8def02365cc3d0"
  version = "v0.3.0"

[[projects]]
  branch = "master"
  digest = "1:c9e7a4b4d47c0ed205d257648b0e5b0440880cb728506e318f8ac7cd36270bc4"
  name = "golang.org/x/time"
  packages = ["rate"]
  pruneopts = "UT"
  revision = "fbb02b2291d28baffd63558aa44b4b56f178d650"

[[projects]]
  digest = "1:174d05aec0155083f9b461f21a0a5c94f396c3cdb44f62445009ca05eef1372b"
  name = "gopkg.in/hlandau/easymetric.v1"
  packages = ["cexp"]
  pruneopts = "UT"
  revision = "1c173222e345c2ba115e0f483821c6da2d3b0fa9"
  version = "v1.0.0"

[[projects]]
  digest = "1:7bd63ad360d64ba912bee8cbcafe8ffe63e7cb800c8d49d76ed709f2bb8ba103"
  name = "gopkg.in/hlandau/measurable.v1"
  packages = ["."]
  pruneopts = "UT"
  revision = "d96a009bd9bda94dd1294105e67e8c1794e533d3"
  version = "v1.0.1"

[[projects]]
  branch = "v2"
  digest = "1:5052389c6c809eeced44ec24ff9958bfea70b9859b7a25061c6fd9086c8f8989"
  name = "gopkg.in/mgo.v2"
  packages = [
    ".",
    "bson",
    "internal/json",
    "internal/sasl",
    "internal/scram",
  ]
  pruneopts = "UT"
  revision = "3f83fa5005286a7fe593b055f0d7771a7dce4655"

[[projects]]
  digest = "1:e5a1379b4f0cad2aabd75580598c3b8e19a027e8eed806e7b76b0ec949df4599"
  name = "gopkg.in/redis.v5"
  packages = [
    ".",
    "internal",
    "internal/consistenthash",
    "internal/hashtag",
    "internal/pool",
    "internal/proto",
  ]
  pruneopts = "UT"
  revision = "a16aeec10ff407b1e7be6dd35797ccf5426ef0f0"
  version = "v5.2.9"

[[projects]]
  digest = "1:342378ac4dcb378a5448dd723f0784ae519383532f5e70ade24132c4c8693202"
  name = "gopkg.in/yaml.v2"
  packages = ["."]
  pruneopts = "UT"
  revision = "5420a8b6744d3b0345ab293f6fcba19c978f1183"
  version = "v2.2.1"

[[projects]]
  digest = "1:569fa3cc6b9fe25e402a3def65a0b222659f8aee13e339030eebe7acff4229cc"
  name = "upper.io/db.v3"
  packages = [
    ".",
    "internal/immutable",
    "mongo",
  ]
  pruneopts = "UT"
  revision = "d90922beee6de3f39c93ed677f6da82565d07154"
  version = "v3.5.3"

[solve-meta]
  analyzer-name = "dep"
  analyzer-version = 1
  input-imports = [
    "github.com/BenLubar/memoize",
    "github.com/Unknwon/com",
    "github.com/aws/aws-sdk-go/aws",
    "github.com/aws/aws-sdk-go/aws/session",
    "github.com/fatih/color",
    "github.com/k0kubun/pp",
    "github.com/mattn/go-colorable",
    "github.com/minio/minio/pkg/sys",
    "github.com/pkg/errors",
    "github.com/rai-project/archive",
    "github.com/rai-project/auth",
    "github.com/rai-project/aws",
    "github.com/rai-project/broker",
    "github.com/rai-project/broker/sqs",
    "github.com/rai-project/config",
    "github.com/rai-project/docker",
    "github.com/rai-project/logger",
    "github.com/rai-project/model",
    "github.com/rai-project/nvidia-smi",
    "github.com/rai-project/pubsub",
    "github.com/rai-project/pubsub/redis",
    "github.com/rai-project/serializer",
    "github.com/rai-project/serializer/json",
    "github.com/rai-project/store",
    "github.com/rai-project/store/s3",
    "github.com/rai-project/utils",
    "github.com/rai-project/uuid",
    "github.com/rai-project/vipertags",
    "github.com/sirupsen/logrus",
    "github.com/stretchr/testify/assert",
  ]
  solver-name = "gps-cdcl"
  solver-version = 1
